
Microsoft Visual Studio Solution File, Format Version 12.00
# Visual Studio Version 16
VisualStudioVersion = 16.0.31129.286
MinimumVisualStudioVersion = 10.0.40219.1
Project("{2150E333-8FDC-42A3-9474-1A3956D46DE8}") = "services", "services", "{F3B7BE84-0F1B-4847-8D78-0CAC50E2B626}"
EndProject
Project("{2150E333-8FDC-42A3-9474-1A3956D46DE8}") = "webapps", "webapps", "{F1BA8741-C523-42E4-8329-1AD85B5400A9}"
EndProject
Project("{2150E333-8FDC-42A3-9474-1A3956D46DE8}") = "Cadastro", "Cadastro", "{30F513AA-1CFD-4D18-836F-52B445429928}"
EndProject
Project("{2150E333-8FDC-42A3-9474-1A3956D46DE8}") = "Catalogo", "Catalogo", "{EAC4C0C6-6C62-49E2-82F7-CB0576CEDBA9}"
EndProject
Project("{2150E333-8FDC-42A3-9474-1A3956D46DE8}") = "Core", "Core", "{03E291E6-4339-407D-AE29-619CD8A0F3F8}"
EndProject
Project("{2150E333-8FDC-42A3-9474-1A3956D46DE8}") = "Fiscal", "Fiscal", "{2AE0FEFF-D02C-4ED4-878C-6F6CD470B57B}"
EndProject
Project("{2150E333-8FDC-42A3-9474-1A3956D46DE8}") = "Pagamentos", "Pagamentos", "{0A0E8329-16EE-4782-9FA8-0CC118715CC7}"
EndProject
Project("{2150E333-8FDC-42A3-9474-1A3956D46DE8}") = "Vendas", "Vendas", "{5473AF20-8BDF-4C8A-9170-97CD43B67106}"
EndProject
Project("{9A19103F-16F7-4668-BE54-9A1E7A4F7556}") = "NerdStore.Catalogo.Domain", "src\NerdStore.Catalogo.Domain\NerdStore.Catalogo.Domain.csproj", "{7341D12A-FF6A-4C9B-89EC-49FF7A7A04B3}"
EndProject
Project("{9A19103F-16F7-4668-BE54-9A1E7A4F7556}") = "NerdStore.Core", "src\NerdStore.Core\NerdStore.Core.csproj", "{0445D6AF-DABF-499E-84C3-75CFFEF0FBB1}"
EndProject
Project("{2150E333-8FDC-42A3-9474-1A3956D46DE8}") = "Tests", "Tests", "{A6FF7913-F9C3-4BCF-A515-799998B21FD4}"
EndProject
Project("{FAE04EC0-301F-11D3-BF4B-00C04F79EFBC}") = "NerdStore.Catalogo.Domain.Test", "NerdStore.Catalogo.Domain.Test\NerdStore.Catalogo.Domain.Test.csproj", "{E9C4BD92-6F1C-487B-80A2-2A9A2C6F9D3B}"
EndProject
Project("{FAE04EC0-301F-11D3-BF4B-00C04F79EFBC}") = "NerdStore.Catalogo.Data", "NerdStore.Catalogo.Data\NerdStore.Catalogo.Data.csproj", "{10E53BAA-D2F4-4559-ACAD-87DBC1720ED5}"
EndProject
Global
	GlobalSection(SolutionConfigurationPlatforms) = preSolution
		Debug|Any CPU = Debug|Any CPU
		Release|Any CPU = Release|Any CPU
	EndGlobalSection
	GlobalSection(ProjectConfigurationPlatforms) = postSolution
		{7341D12A-FF6A-4C9B-89EC-49FF7A7A04B3}.Debug|Any CPU.ActiveCfg = Debug|Any CPU
		{7341D12A-FF6A-4C9B-89EC-49FF7A7A04B3}.Debug|Any CPU.Build.0 = Debug|Any CPU
		{7341D12A-FF6A-4C9B-89EC-49FF7A7A04B3}.Release|Any CPU.ActiveCfg = Release|Any CPU
		{7341D12A-FF6A-4C9B-89EC-49FF7A7A04B3}.Release|Any CPU.Build.0 = Release|Any CPU
		{0445D6AF-DABF-499E-84C3-75CFFEF0FBB1}.Debug|Any CPU.ActiveCfg = Debug|Any CPU
		{0445D6AF-DABF-499E-84C3-75CFFEF0FBB1}.Debug|Any CPU.Build.0 = Debug|Any CPU
		{0445D6AF-DABF-499E-84C3-75CFFEF0FBB1}.Release|Any CPU.ActiveCfg = Release|Any CPU
		{0445D6AF-DABF-499E-84C3-75CFFEF0FBB1}.Release|Any CPU.Build.0 = Release|Any CPU
		{E9C4BD92-6F1C-487B-80A2-2A9A2C6F9D3B}.Debug|Any CPU.ActiveCfg = Debug|Any CPU
		{E9C4BD92-6F1C-487B-80A2-2A9A2C6F9D3B}.Debug|Any CPU.Build.0 = Debug|Any CPU
		{E9C4BD92-6F1C-487B-80A2-2A9A2C6F9D3B}.Release|Any CPU.ActiveCfg = Release|Any CPU
		{E9C4BD92-6F1C-487B-80A2-2A9A2C6F9D3B}.Release|Any CPU.Build.0 = Release|Any CPU
		{10E53BAA-D2F4-4559-ACAD-87DBC1720ED5}.Debug|Any CPU.ActiveCfg = Debug|Any CPU
		{10E53BAA-D2F4-4559-ACAD-87DBC1720ED5}.Debug|Any CPU.Build.0 = Debug|Any CPU
		{10E53BAA-D2F4-4559-ACAD-87DBC1720ED5}.Release|Any CPU.ActiveCfg = Release|Any CPU
		{10E53BAA-D2F4-4559-ACAD-87DBC1720ED5}.Release|Any CPU.Build.0 = Release|Any CPU
	EndGlobalSection
	GlobalSection(SolutionProperties) = preSolution
		HideSolutionNode = FALSE
	EndGlobalSection
	GlobalSection(NestedProjects) = preSolution
		{30F513AA-1CFD-4D18-836F-52B445429928} = {F3B7BE84-0F1B-4847-8D78-0CAC50E2B626}
		{EAC4C0C6-6C62-49E2-82F7-CB0576CEDBA9} = {F3B7BE84-0F1B-4847-8D78-0CAC50E2B626}
		{03E291E6-4339-407D-AE29-619CD8A0F3F8} = {F3B7BE84-0F1B-4847-8D78-0CAC50E2B626}
		{2AE0FEFF-D02C-4ED4-878C-6F6CD470B57B} = {F3B7BE84-0F1B-4847-8D78-0CAC50E2B626}
		{0A0E8329-16EE-4782-9FA8-0CC118715CC7} = {F3B7BE84-0F1B-4847-8D78-0CAC50E2B626}
		{5473AF20-8BDF-4C8A-9170-97CD43B67106} = {F3B7BE84-0F1B-4847-8D78-0CAC50E2B626}
		{7341D12A-FF6A-4C9B-89EC-49FF7A7A04B3} = {EAC4C0C6-6C62-49E2-82F7-CB0576CEDBA9}
		{0445D6AF-DABF-499E-84C3-75CFFEF0FBB1} = {03E291E6-4339-407D-AE29-619CD8A0F3F8}
		{A6FF7913-F9C3-4BCF-A515-799998B21FD4} = {EAC4C0C6-6C62-49E2-82F7-CB0576CEDBA9}
		{E9C4BD92-6F1C-487B-80A2-2A9A2C6F9D3B} = {A6FF7913-F9C3-4BCF-A515-799998B21FD4}
		{10E53BAA-D2F4-4559-ACAD-87DBC1720ED5} = {EAC4C0C6-6C62-49E2-82F7-CB0576CEDBA9}
	EndGlobalSection
	GlobalSection(ExtensibilityGlobals) = postSolution
		SolutionGuid = {F94F9D23-0FC6-423B-8ADE-B69806459376}
	EndGlobalSection
EndGlobal
